
Microsoft Visual Studio Solution File, Format Version 12.00
# Visual Studio Version 17
VisualStudioVersion = 17.0.31903.59
MinimumVisualStudioVersion = 10.0.40219.1
Project("{2150E333-8FDC-42A3-9474-1A3956D46DE8}") = "src", "src", "{827E0CD3-B72D-47B6-A68D-7590B98EB39B}"
EndProject
Project("{FAE04EC0-301F-11D3-BF4B-00C04F79EFBC}") = "AepSharp", "src\AepSharp\AepSharp.csproj", "{A985EB87-C68B-43F5-BDB7-F0DE31857150}"
EndProject
Project("{2150E333-8FDC-42A3-9474-1A3956D46DE8}") = "test", "test", "{0C88DD14-F956-CE84-757C-A364CCF449FC}"
EndProject
Project("{FAE04EC0-301F-11D3-BF4B-00C04F79EFBC}") = "AepSharp.Tests", "test\AepSharp.Tests\AepSharp.Tests.csproj", "{44B47511-1E5F-4389-A5E2-920DE2AD8D86}"
EndProject
Project("{FAE04EC0-301F-11D3-BF4B-00C04F79EFBC}") = "AepSharp.Tools", "src\AepSharp.Tools\AepSharp.Tools.csproj", "{D3644701-5D18-4827-BA30-CD32FA2CFF82}"
EndProject
Global
	GlobalSection(SolutionConfigurationPlatforms) = preSolution
		Debug|Any CPU = Debug|Any CPU
		Debug|x64 = Debug|x64
		Debug|x86 = Debug|x86
		Release|Any CPU = Release|Any CPU
		Release|x64 = Release|x64
		Release|x86 = Release|x86
	EndGlobalSection
	GlobalSection(ProjectConfigurationPlatforms) = postSolution
		{A985EB87-C68B-43F5-BDB7-F0DE31857150}.Debug|Any CPU.ActiveCfg = Debug|Any CPU
		{A985EB87-C68B-43F5-BDB7-F0DE31857150}.Debug|Any CPU.Build.0 = Debug|Any CPU
		{A985EB87-C68B-43F5-BDB7-F0DE31857150}.Debug|x64.ActiveCfg = Debug|Any CPU
		{A985EB87-C68B-43F5-BDB7-F0DE31857150}.Debug|x64.Build.0 = Debug|Any CPU
		{A985EB87-C68B-43F5-BDB7-F0DE31857150}.Debug|x86.ActiveCfg = Debug|Any CPU
		{A985EB87-C68B-43F5-BDB7-F0DE31857150}.Debug|x86.Build.0 = Debug|Any CPU
		{A985EB87-C68B-43F5-BDB7-F0DE31857150}.Release|Any CPU.ActiveCfg = Release|Any CPU
		{A985EB87-C68B-43F5-BDB7-F0DE31857150}.Release|Any CPU.Build.0 = Release|Any CPU
		{A985EB87-C68B-43F5-BDB7-F0DE31857150}.Release|x64.ActiveCfg = Release|Any CPU
		{A985EB87-C68B-43F5-BDB7-F0DE31857150}.Release|x64.Build.0 = Release|Any CPU
		{A985EB87-C68B-43F5-BDB7-F0DE31857150}.Release|x86.ActiveCfg = Release|Any CPU
		{A985EB87-C68B-43F5-BDB7-F0DE31857150}.Release|x86.Build.0 = Release|Any CPU
		{44B47511-1E5F-4389-A5E2-920DE2AD8D86}.Debug|Any CPU.ActiveCfg = Debug|Any CPU
		{44B47511-1E5F-4389-A5E2-920DE2AD8D86}.Debug|Any CPU.Build.0 = Debug|Any CPU
		{44B47511-1E5F-4389-A5E2-920DE2AD8D86}.Debug|x64.ActiveCfg = Debug|Any CPU
		{44B47511-1E5F-4389-A5E2-920DE2AD8D86}.Debug|x64.Build.0 = Debug|Any CPU
		{44B47511-1E5F-4389-A5E2-920DE2AD8D86}.Debug|x86.ActiveCfg = Debug|Any CPU
		{44B47511-1E5F-4389-A5E2-920DE2AD8D86}.Debug|x86.Build.0 = Debug|Any CPU
		{44B47511-1E5F-4389-A5E2-920DE2AD8D86}.Release|Any CPU.ActiveCfg = Release|Any CPU
		{44B47511-1E5F-4389-A5E2-920DE2AD8D86}.Release|Any CPU.Build.0 = Release|Any CPU
		{44B47511-1E5F-4389-A5E2-920DE2AD8D86}.Release|x64.ActiveCfg = Release|Any CPU
		{44B47511-1E5F-4389-A5E2-920DE2AD8D86}.Release|x64.Build.0 = Release|Any CPU
		{44B47511-1E5F-4389-A5E2-920DE2AD8D86}.Release|x86.ActiveCfg = Release|Any CPU
		{44B47511-1E5F-4389-A5E2-920DE2AD8D86}.Release|x86.Build.0 = Release|Any CPU
		{D3644701-5D18-4827-BA30-CD32FA2CFF82}.Debug|Any CPU.ActiveCfg = Debug|Any CPU
		{D3644701-5D18-4827-BA30-CD32FA2CFF82}.Debug|Any CPU.Build.0 = Debug|Any CPU
		{D3644701-5D18-4827-BA30-CD32FA2CFF82}.Debug|x64.ActiveCfg = Debug|Any CPU
		{D3644701-5D18-4827-BA30-CD32FA2CFF82}.Debug|x64.Build.0 = Debug|Any CPU
		{D3644701-5D18-4827-BA30-CD32FA2CFF82}.Debug|x86.ActiveCfg = Debug|Any CPU
		{D3644701-5D18-4827-BA30-CD32FA2CFF82}.Debug|x86.Build.0 = Debug|Any CPU
		{D3644701-5D18-4827-BA30-CD32FA2CFF82}.Release|Any CPU.ActiveCfg = Release|Any CPU
		{D3644701-5D18-4827-BA30-CD32FA2CFF82}.Release|Any CPU.Build.0 = Release|Any CPU
		{D3644701-5D18-4827-BA30-CD32FA2CFF82}.Release|x64.ActiveCfg = Release|Any CPU
		{D3644701-5D18-4827-BA30-CD32FA2CFF82}.Release|x64.Build.0 = Release|Any CPU
		{D3644701-5D18-4827-BA30-CD32FA2CFF82}.Release|x86.ActiveCfg = Release|Any CPU
		{D3644701-5D18-4827-BA30-CD32FA2CFF82}.Release|x86.Build.0 = Release|Any CPU
	EndGlobalSection
	GlobalSection(SolutionProperties) = preSolution
		HideSolutionNode = FALSE
	EndGlobalSection
	GlobalSection(NestedProjects) = preSolution
		{A985EB87-C68B-43F5-BDB7-F0DE31857150} = {827E0CD3-B72D-47B6-A68D-7590B98EB39B}
		{44B47511-1E5F-4389-A5E2-920DE2AD8D86} = {0C88DD14-F956-CE84-757C-A364CCF449FC}
		{D3644701-5D18-4827-BA30-CD32FA2CFF82} = {827E0CD3-B72D-47B6-A68D-7590B98EB39B}
	EndGlobalSection
EndGlobal
